
Microsoft Visual Studio Solution File, Format Version 12.00
# Visual Studio 15
VisualStudioVersion = 15.0.28306.52
MinimumVisualStudioVersion = 10.0.40219.1
Project("{8BC9CEB8-8B4A-11D0-8D11-00A0C91BC942}") = "Project1", "Project1\Project1.vcxproj", "{40A60683-9D79-4D42-B952-2C55CB9662BD}"
EndProject
Global
	GlobalSection(SolutionConfigurationPlatforms) = preSolution
		Debug|x64 = Debug|x64
		Debug|x86 = Debug|x86
		Release|x64 = Release|x64
		Release|x86 = Release|x86
	EndGlobalSection
	GlobalSection(ProjectConfigurationPlatforms) = postSolution
		{40A60683-9D79-4D42-B952-2C55CB9662BD}.Debug|x64.ActiveCfg = Debug|x64
		{40A60683-9D79-4D42-B952-2C55CB9662BD}.Debug|x64.Build.0 = Debug|x64
		{40A60683-9D79-4D42-B952-2C55CB9662BD}.Debug|x86.ActiveCfg = Debug|Win32
		{40A60683-9D79-4D42-B952-2C55CB9662BD}.Debug|x86.Build.0 = Debug|Win32
		{40A60683-9D79-4D42-B952-2C55CB9662BD}.Release|x64.ActiveCfg = Release|x64
		{40A60683-9D79-4D42-B952-2C55CB9662BD}.Release|x64.Build.0 = Release|x64
		{40A60683-9D79-4D42-B952-2C55CB9662BD}.Release|x86.ActiveCfg = Release|Win32
		{40A60683-9D79-4D42-B952-2C55CB9662BD}.Release|x86.Build.0 = Release|Win32
	EndGlobalSection
	GlobalSection(SolutionProperties) = preSolution
		HideSolutionNode = FALSE
	EndGlobalSection
	GlobalSection(ExtensibilityGlobals) = postSolution
		SolutionGuid = {75B4FC4E-06C4-4FD7-B5E5-23A44C2F333F}
	EndGlobalSection
EndGlobal
